
Microsoft Visual Studio Solution File, Format Version 12.00
# Visual Studio 2013
VisualStudioVersion = 12.0.31101.0
MinimumVisualStudioVersion = 10.0.40219.1
Project("{FAE04EC0-301F-11D3-BF4B-00C04F79EFBC}") = "CityService.Service", "CityService.Service\CityService.Service.csproj", "{D864D570-0817-4E84-B5DE-2AD8D67D116B}"
EndProject
Project("{E24C65DC-7377-472B-9ABA-BC803B73C61A}") = "CityService.Alipay", "http://localhost/CityService/CityService.Alipay", "{C02B1053-FBFC-4C46-AB6F-9CE4501E6FA7}"
	ProjectSection(WebsiteProperties) = preProject
		SccProjectName = "SAK"
		SccAuxPath = "SAK"
		SccLocalPath = "SAK"
		SccProvider = "SAK"
		UseIISExpress = "false"
		TargetFrameworkMoniker = ".NETFramework,Version%3Dv4.5"
		Debug.AspNetCompiler.VirtualPath = "/CityService.Alipay"
		Debug.AspNetCompiler.PhysicalPath = "CityService.Alipay\"
		Debug.AspNetCompiler.TargetPath = "PrecompiledWeb\CityService.Alipay\"
		Debug.AspNetCompiler.Updateable = "true"
		Debug.AspNetCompiler.ForceOverwrite = "true"
		Debug.AspNetCompiler.FixedNames = "false"
		Debug.AspNetCompiler.Debug = "True"
		Release.AspNetCompiler.VirtualPath = "/CityService.Alipay"
		Release.AspNetCompiler.PhysicalPath = "CityService.Alipay\"
		Release.AspNetCompiler.TargetPath = "PrecompiledWeb\CityService.Alipay\"
		Release.AspNetCompiler.Updateable = "true"
		Release.AspNetCompiler.ForceOverwrite = "true"
		Release.AspNetCompiler.FixedNames = "false"
		Release.AspNetCompiler.Debug = "False"
		SlnRelativePath = "CityService.Alipay\"
	EndProjectSection
EndProject
Project("{E24C65DC-7377-472B-9ABA-BC803B73C61A}") = "CityService.WeiXin", "http://localhost/CityService/CityService.WeiXin", "{37390DAE-2248-4B7C-B39E-AE043644969F}"
	ProjectSection(WebsiteProperties) = preProject
		SccProjectName = "SAK"
		SccAuxPath = "SAK"
		SccLocalPath = "SAK"
		SccProvider = "SAK"
		UseIISExpress = "false"
		TargetFrameworkMoniker = ".NETFramework,Version%3Dv4.5"
		Debug.AspNetCompiler.VirtualPath = "/CityService.WeiXin"
		Debug.AspNetCompiler.PhysicalPath = "CityService.WeiXin\"
		Debug.AspNetCompiler.TargetPath = "PrecompiledWeb\CityService.WeiXin\"
		Debug.AspNetCompiler.Updateable = "true"
		Debug.AspNetCompiler.ForceOverwrite = "true"
		Debug.AspNetCompiler.FixedNames = "false"
		Debug.AspNetCompiler.Debug = "True"
		Release.AspNetCompiler.VirtualPath = "/CityService.WeiXin"
		Release.AspNetCompiler.PhysicalPath = "CityService.WeiXin\"
		Release.AspNetCompiler.TargetPath = "PrecompiledWeb\CityService.WeiXin\"
		Release.AspNetCompiler.Updateable = "true"
		Release.AspNetCompiler.ForceOverwrite = "true"
		Release.AspNetCompiler.FixedNames = "false"
		Release.AspNetCompiler.Debug = "False"
		SlnRelativePath = "CityService.WeiXin\"
	EndProjectSection
EndProject
Project("{2150E333-8FDC-42A3-9474-1A3956D46DE8}") = "Alipay", "Alipay", "{D54CAEBD-BB2D-411B-AFCC-AB029C366BCF}"
EndProject
Project("{FAE04EC0-301F-11D3-BF4B-00C04F79EFBC}") = "CityService.Alipay.Aop", "CityService.Alipay.Aop\CityService.Alipay.Aop.csproj", "{9C11CAE5-5188-4E71-825B-68FC3135728A}"
EndProject
Project("{2150E333-8FDC-42A3-9474-1A3956D46DE8}") = "WeiXin", "WeiXin", "{DC3A6293-4B0B-4BD1-8076-AAD42A51C2E1}"
EndProject
Project("{FAE04EC0-301F-11D3-BF4B-00C04F79EFBC}") = "CityService.DataAccess", "CityService.DataAccess\CityService.DataAccess.csproj", "{24EA58FF-BA57-4211-ABCC-F0EDA89FB065}"
EndProject
Project("{2150E333-8FDC-42A3-9474-1A3956D46DE8}") = "Test", "Test", "{A00767DA-9B5C-44B0-90E4-263899D97D78}"
EndProject
Project("{FAE04EC0-301F-11D3-BF4B-00C04F79EFBC}") = "CityService.UnitTestProject", "CityService.UnitTestProject\CityService.UnitTestProject.csproj", "{72D6DE37-CAB7-4879-8A58-E21FB92A6812}"
EndProject
Project("{E24C65DC-7377-472B-9ABA-BC803B73C61A}") = "CityService.Alipay.Aop.Gateway", "http://localhost/CityService/CityService.Alipay.Aop.Gateway", "{CA58091A-4419-473D-88C8-F42F4C3E7795}"
	ProjectSection(WebsiteProperties) = preProject
		SccProjectName = "SAK"
		SccAuxPath = "SAK"
		SccLocalPath = "SAK"
		SccProvider = "SAK"
		UseIISExpress = "false"
		TargetFrameworkMoniker = ".NETFramework,Version%3Dv4.0"
		ProjectReferences = "{9c11cae5-5188-4e71-825b-68fc3135728a}|CityService.Alipay.Aop.dll;"
		Debug.AspNetCompiler.VirtualPath = "/CityService.Alipay.Aop.Gateway"
		Debug.AspNetCompiler.PhysicalPath = "CityService.Alipay.Aop.Gateway\"
		Debug.AspNetCompiler.TargetPath = "PrecompiledWeb\CityService.Alipay.Aop.Gateway\"
		Debug.AspNetCompiler.Updateable = "true"
		Debug.AspNetCompiler.ForceOverwrite = "true"
		Debug.AspNetCompiler.FixedNames = "false"
		Debug.AspNetCompiler.Debug = "True"
		Release.AspNetCompiler.VirtualPath = "/CityService.Alipay.Aop.Gateway"
		Release.AspNetCompiler.PhysicalPath = "CityService.Alipay.Aop.Gateway\"
		Release.AspNetCompiler.TargetPath = "PrecompiledWeb\CityService.Alipay.Aop.Gateway\"
		Release.AspNetCompiler.Updateable = "true"
		Release.AspNetCompiler.ForceOverwrite = "true"
		Release.AspNetCompiler.FixedNames = "false"
		Release.AspNetCompiler.Debug = "False"
		SlnRelativePath = "CityService.Alipay.Aop.Gateway\"
	EndProjectSection
EndProject
Project("{FAE04EC0-301F-11D3-BF4B-00C04F79EFBC}") = "CityService.WeiXin.Mvc", "CityService.WeiXin.Mvc\CityService.WeiXin.Mvc.csproj", "{3D8CE7AC-BCAB-45A8-A405-CEF1C1A78401}"
EndProject
Project("{FAE04EC0-301F-11D3-BF4B-00C04F79EFBC}") = "CityService.Service.Controllers", "CityService.Service.Controllers\CityService.Service.Controllers.csproj", "{54B2E70A-BB78-4FF1-B0C1-293FECD77600}"
EndProject
Project("{FAE04EC0-301F-11D3-BF4B-00C04F79EFBC}") = "CityService.Alipay.Mvc.ProvidentFund", "CityService.Alipay.Mvc.ProvidentFund\CityService.Alipay.Mvc.ProvidentFund.csproj", "{1AC28EC9-B72C-4920-BD88-80F5AFC946BD}"
EndProject
Global
	GlobalSection(TeamFoundationVersionControl) = preSolution
		SccNumberOfProjects = 11
		SccEnterpriseProvider = {4CA58AB2-18FA-4F8D-95D4-32DDF27D184C}
		SccTeamFoundationServer = http://tfs.china-ccw.com:58080/tfs/defaultcollection
		SccLocalPath0 = .
		SccProjectUniqueName1 = CityService.Service\\CityService.Service.csproj
		SccProjectName1 = CityService.Service
		SccLocalPath1 = CityService.Service
		SccWebProject2 = true
		SccProjectUniqueName2 = http://localhost/CityService/CityService.Alipay
		SccProjectTopLevelParentUniqueName2 = CityService..sln
		SccProjectName2 = CityService.Alipay
		SccLocalPath2 = CityService.Alipay
		SccProjectEnlistmentChoice2 = 2
		SccWebProject3 = true
		SccProjectUniqueName3 = http://localhost/CityService/CityService.WeiXin
		SccProjectTopLevelParentUniqueName3 = CityService..sln
		SccProjectName3 = CityService.WeiXin
		SccLocalPath3 = CityService.WeiXin
		SccProjectEnlistmentChoice3 = 2
		SccProjectUniqueName4 = CityService.Alipay.Aop\\CityService.Alipay.Aop.csproj
		SccProjectTopLevelParentUniqueName4 = CityService..sln
		SccProjectName4 = CityService.Alipay.Aop
		SccLocalPath4 = CityService.Alipay.Aop
		SccProjectUniqueName5 = CityService.DataAccess\\CityService.DataAccess.csproj
		SccProjectName5 = CityService.DataAccess
		SccLocalPath5 = CityService.DataAccess
		SccProjectUniqueName6 = CityService.UnitTestProject\\CityService.UnitTestProject.csproj
		SccProjectTopLevelParentUniqueName6 = CityService..sln
		SccProjectName6 = CityService.UnitTestProject
		SccLocalPath6 = CityService.UnitTestProject
		SccWebProject7 = true
		SccProjectUniqueName7 = http://localhost/CityService/CityService.Alipay.Aop.Gateway
		SccProjectTopLevelParentUniqueName7 = CityService..sln
		SccProjectName7 = CityService.Alipay.Aop.Gateway
		SccLocalPath7 = CityService.Alipay.Aop.Gateway
		SccProjectEnlistmentChoice7 = 2
		SccProjectUniqueName8 = CityService.WeiXin.Mvc\\CityService.WeiXin.Mvc.csproj
		SccProjectTopLevelParentUniqueName8 = CityService..sln
		SccProjectName8 = CityService.WeiXin.Mvc
		SccLocalPath8 = CityService.WeiXin.Mvc
		SccProjectUniqueName9 = CityService.Service.Controllers\\CityService.Service.Controllers.csproj
		SccProjectName9 = CityService.Service.Controllers
		SccLocalPath9 = CityService.Service.Controllers
		SccProjectUniqueName10 = CityService.Alipay.Mvc.ProvidentFund\\CityService.Alipay.Mvc.ProvidentFund.csproj
		SccProjectTopLevelParentUniqueName10 = CityService..sln
		SccProjectName10 = CityService.Alipay.Mvc.ProvidentFund
		SccLocalPath10 = CityService.Alipay.Mvc.ProvidentFund
	EndGlobalSection
	GlobalSection(SolutionConfigurationPlatforms) = preSolution
		32|Any CPU = 32|Any CPU
		32|Mixed Platforms = 32|Mixed Platforms
		32|x86 = 32|x86
		Debug|Any CPU = Debug|Any CPU
		Debug|Mixed Platforms = Debug|Mixed Platforms
		Debug|x86 = Debug|x86
		Release|Any CPU = Release|Any CPU
		Release|Mixed Platforms = Release|Mixed Platforms
		Release|x86 = Release|x86
	EndGlobalSection
	GlobalSection(ProjectConfigurationPlatforms) = postSolution
		{D864D570-0817-4E84-B5DE-2AD8D67D116B}.32|Any CPU.ActiveCfg = Release|Any CPU
		{D864D570-0817-4E84-B5DE-2AD8D67D116B}.32|Any CPU.Build.0 = Release|Any CPU
		{D864D570-0817-4E84-B5DE-2AD8D67D116B}.32|Mixed Platforms.ActiveCfg = Debug|Any CPU
		{D864D570-0817-4E84-B5DE-2AD8D67D116B}.32|Mixed Platforms.Build.0 = Debug|Any CPU
		{D864D570-0817-4E84-B5DE-2AD8D67D116B}.32|x86.ActiveCfg = Release|Any CPU
		{D864D570-0817-4E84-B5DE-2AD8D67D116B}.Debug|Any CPU.ActiveCfg = Debug|Any CPU
		{D864D570-0817-4E84-B5DE-2AD8D67D116B}.Debug|Any CPU.Build.0 = Debug|Any CPU
		{D864D570-0817-4E84-B5DE-2AD8D67D116B}.Debug|Mixed Platforms.ActiveCfg = Debug|Any CPU
		{D864D570-0817-4E84-B5DE-2AD8D67D116B}.Debug|Mixed Platforms.Build.0 = Debug|Any CPU
		{D864D570-0817-4E84-B5DE-2AD8D67D116B}.Debug|x86.ActiveCfg = Debug|Any CPU
		{D864D570-0817-4E84-B5DE-2AD8D67D116B}.Release|Any CPU.ActiveCfg = Release|Any CPU
		{D864D570-0817-4E84-B5DE-2AD8D67D116B}.Release|Any CPU.Build.0 = Release|Any CPU
		{D864D570-0817-4E84-B5DE-2AD8D67D116B}.Release|Mixed Platforms.ActiveCfg = Release|Any CPU
		{D864D570-0817-4E84-B5DE-2AD8D67D116B}.Release|Mixed Platforms.Build.0 = Release|Any CPU
		{D864D570-0817-4E84-B5DE-2AD8D67D116B}.Release|x86.ActiveCfg = Release|Any CPU
		{C02B1053-FBFC-4C46-AB6F-9CE4501E6FA7}.32|Any CPU.ActiveCfg = Debug|Any CPU
		{C02B1053-FBFC-4C46-AB6F-9CE4501E6FA7}.32|Any CPU.Build.0 = Debug|Any CPU
		{C02B1053-FBFC-4C46-AB6F-9CE4501E6FA7}.32|Mixed Platforms.ActiveCfg = Debug|Any CPU
		{C02B1053-FBFC-4C46-AB6F-9CE4501E6FA7}.32|Mixed Platforms.Build.0 = Debug|Any CPU
		{C02B1053-FBFC-4C46-AB6F-9CE4501E6FA7}.32|x86.ActiveCfg = Debug|Any CPU
		{C02B1053-FBFC-4C46-AB6F-9CE4501E6FA7}.Debug|Any CPU.ActiveCfg = Debug|Any CPU
		{C02B1053-FBFC-4C46-AB6F-9CE4501E6FA7}.Debug|Any CPU.Build.0 = Debug|Any CPU
		{C02B1053-FBFC-4C46-AB6F-9CE4501E6FA7}.Debug|Mixed Platforms.ActiveCfg = Debug|Any CPU
		{C02B1053-FBFC-4C46-AB6F-9CE4501E6FA7}.Debug|Mixed Platforms.Build.0 = Debug|Any CPU
		{C02B1053-FBFC-4C46-AB6F-9CE4501E6FA7}.Debug|x86.ActiveCfg = Debug|Any CPU
		{C02B1053-FBFC-4C46-AB6F-9CE4501E6FA7}.Release|Any CPU.ActiveCfg = Debug|Any CPU
		{C02B1053-FBFC-4C46-AB6F-9CE4501E6FA7}.Release|Any CPU.Build.0 = Debug|Any CPU
		{C02B1053-FBFC-4C46-AB6F-9CE4501E6FA7}.Release|Mixed Platforms.ActiveCfg = Debug|Any CPU
		{C02B1053-FBFC-4C46-AB6F-9CE4501E6FA7}.Release|Mixed Platforms.Build.0 = Debug|Any CPU
		{C02B1053-FBFC-4C46-AB6F-9CE4501E6FA7}.Release|x86.ActiveCfg = Debug|Any CPU
		{37390DAE-2248-4B7C-B39E-AE043644969F}.32|Any CPU.ActiveCfg = Debug|Any CPU
		{37390DAE-2248-4B7C-B39E-AE043644969F}.32|Any CPU.Build.0 = Debug|Any CPU
		{37390DAE-2248-4B7C-B39E-AE043644969F}.32|Mixed Platforms.ActiveCfg = Debug|Any CPU
		{37390DAE-2248-4B7C-B39E-AE043644969F}.32|Mixed Platforms.Build.0 = Debug|Any CPU
		{37390DAE-2248-4B7C-B39E-AE043644969F}.32|x86.ActiveCfg = Debug|Any CPU
		{37390DAE-2248-4B7C-B39E-AE043644969F}.Debug|Any CPU.ActiveCfg = Debug|Any CPU
		{37390DAE-2248-4B7C-B39E-AE043644969F}.Debug|Any CPU.Build.0 = Debug|Any CPU
		{37390DAE-2248-4B7C-B39E-AE043644969F}.Debug|Mixed Platforms.ActiveCfg = Debug|Any CPU
		{37390DAE-2248-4B7C-B39E-AE043644969F}.Debug|Mixed Platforms.Build.0 = Debug|Any CPU
		{37390DAE-2248-4B7C-B39E-AE043644969F}.Debug|x86.ActiveCfg = Debug|Any CPU
		{37390DAE-2248-4B7C-B39E-AE043644969F}.Release|Any CPU.ActiveCfg = Debug|Any CPU
		{37390DAE-2248-4B7C-B39E-AE043644969F}.Release|Any CPU.Build.0 = Debug|Any CPU
		{37390DAE-2248-4B7C-B39E-AE043644969F}.Release|Mixed Platforms.ActiveCfg = Debug|Any CPU
		{37390DAE-2248-4B7C-B39E-AE043644969F}.Release|Mixed Platforms.Build.0 = Debug|Any CPU
		{37390DAE-2248-4B7C-B39E-AE043644969F}.Release|x86.ActiveCfg = Debug|Any CPU
		{9C11CAE5-5188-4E71-825B-68FC3135728A}.32|Any CPU.ActiveCfg = Release|Any CPU
		{9C11CAE5-5188-4E71-825B-68FC3135728A}.32|Any CPU.Build.0 = Release|Any CPU
		{9C11CAE5-5188-4E71-825B-68FC3135728A}.32|Mixed Platforms.ActiveCfg = Debug|Any CPU
		{9C11CAE5-5188-4E71-825B-68FC3135728A}.32|Mixed Platforms.Build.0 = Debug|Any CPU
		{9C11CAE5-5188-4E71-825B-68FC3135728A}.32|x86.ActiveCfg = Release|Any CPU
		{9C11CAE5-5188-4E71-825B-68FC3135728A}.Debug|Any CPU.ActiveCfg = Debug|Any CPU
		{9C11CAE5-5188-4E71-825B-68FC3135728A}.Debug|Any CPU.Build.0 = Debug|Any CPU
		{9C11CAE5-5188-4E71-825B-68FC3135728A}.Debug|Mixed Platforms.ActiveCfg = Debug|Any CPU
		{9C11CAE5-5188-4E71-825B-68FC3135728A}.Debug|Mixed Platforms.Build.0 = Debug|Any CPU
		{9C11CAE5-5188-4E71-825B-68FC3135728A}.Debug|x86.ActiveCfg = Debug|Any CPU
		{9C11CAE5-5188-4E71-825B-68FC3135728A}.Release|Any CPU.ActiveCfg = Release|Any CPU
		{9C11CAE5-5188-4E71-825B-68FC3135728A}.Release|Any CPU.Build.0 = Release|Any CPU
		{9C11CAE5-5188-4E71-825B-68FC3135728A}.Release|Mixed Platforms.ActiveCfg = Release|Any CPU
		{9C11CAE5-5188-4E71-825B-68FC3135728A}.Release|Mixed Platforms.Build.0 = Release|Any CPU
		{9C11CAE5-5188-4E71-825B-68FC3135728A}.Release|x86.ActiveCfg = Release|Any CPU
		{24EA58FF-BA57-4211-ABCC-F0EDA89FB065}.32|Any CPU.ActiveCfg = Release|Any CPU
		{24EA58FF-BA57-4211-ABCC-F0EDA89FB065}.32|Any CPU.Build.0 = Release|Any CPU
		{24EA58FF-BA57-4211-ABCC-F0EDA89FB065}.32|Mixed Platforms.ActiveCfg = Debug|Any CPU
		{24EA58FF-BA57-4211-ABCC-F0EDA89FB065}.32|Mixed Platforms.Build.0 = Debug|Any CPU
		{24EA58FF-BA57-4211-ABCC-F0EDA89FB065}.32|x86.ActiveCfg = Release|Any CPU
		{24EA58FF-BA57-4211-ABCC-F0EDA89FB065}.Debug|Any CPU.ActiveCfg = Debug|Any CPU
		{24EA58FF-BA57-4211-ABCC-F0EDA89FB065}.Debug|Any CPU.Build.0 = Debug|Any CPU
		{24EA58FF-BA57-4211-ABCC-F0EDA89FB065}.Debug|Mixed Platforms.ActiveCfg = Debug|Any CPU
		{24EA58FF-BA57-4211-ABCC-F0EDA89FB065}.Debug|Mixed Platforms.Build.0 = Debug|Any CPU
		{24EA58FF-BA57-4211-ABCC-F0EDA89FB065}.Debug|x86.ActiveCfg = Debug|Any CPU
		{24EA58FF-BA57-4211-ABCC-F0EDA89FB065}.Release|Any CPU.ActiveCfg = Release|Any CPU
		{24EA58FF-BA57-4211-ABCC-F0EDA89FB065}.Release|Any CPU.Build.0 = Release|Any CPU
		{24EA58FF-BA57-4211-ABCC-F0EDA89FB065}.Release|Mixed Platforms.ActiveCfg = Release|Any CPU
		{24EA58FF-BA57-4211-ABCC-F0EDA89FB065}.Release|Mixed Platforms.Build.0 = Release|Any CPU
		{24EA58FF-BA57-4211-ABCC-F0EDA89FB065}.Release|x86.ActiveCfg = Release|Any CPU
		{72D6DE37-CAB7-4879-8A58-E21FB92A6812}.32|Any CPU.ActiveCfg = Release|Any CPU
		{72D6DE37-CAB7-4879-8A58-E21FB92A6812}.32|Any CPU.Build.0 = Release|Any CPU
		{72D6DE37-CAB7-4879-8A58-E21FB92A6812}.32|Mixed Platforms.ActiveCfg = Debug|Any CPU
		{72D6DE37-CAB7-4879-8A58-E21FB92A6812}.32|Mixed Platforms.Build.0 = Debug|Any CPU
		{72D6DE37-CAB7-4879-8A58-E21FB92A6812}.32|x86.ActiveCfg = Release|Any CPU
		{72D6DE37-CAB7-4879-8A58-E21FB92A6812}.Debug|Any CPU.ActiveCfg = Debug|Any CPU
		{72D6DE37-CAB7-4879-8A58-E21FB92A6812}.Debug|Any CPU.Build.0 = Debug|Any CPU
		{72D6DE37-CAB7-4879-8A58-E21FB92A6812}.Debug|Mixed Platforms.ActiveCfg = Debug|Any CPU
		{72D6DE37-CAB7-4879-8A58-E21FB92A6812}.Debug|Mixed Platforms.Build.0 = Debug|Any CPU
		{72D6DE37-CAB7-4879-8A58-E21FB92A6812}.Debug|x86.ActiveCfg = Debug|Any CPU
		{72D6DE37-CAB7-4879-8A58-E21FB92A6812}.Release|Any CPU.ActiveCfg = Release|Any CPU
		{72D6DE37-CAB7-4879-8A58-E21FB92A6812}.Release|Any CPU.Build.0 = Release|Any CPU
		{72D6DE37-CAB7-4879-8A58-E21FB92A6812}.Release|Mixed Platforms.ActiveCfg = Release|Any CPU
		{72D6DE37-CAB7-4879-8A58-E21FB92A6812}.Release|Mixed Platforms.Build.0 = Release|Any CPU
		{72D6DE37-CAB7-4879-8A58-E21FB92A6812}.Release|x86.ActiveCfg = Release|Any CPU
		{CA58091A-4419-473D-88C8-F42F4C3E7795}.32|Any CPU.ActiveCfg = Debug|Any CPU
		{CA58091A-4419-473D-88C8-F42F4C3E7795}.32|Any CPU.Build.0 = Debug|Any CPU
		{CA58091A-4419-473D-88C8-F42F4C3E7795}.32|Mixed Platforms.ActiveCfg = Debug|Any CPU
		{CA58091A-4419-473D-88C8-F42F4C3E7795}.32|Mixed Platforms.Build.0 = Debug|Any CPU
		{CA58091A-4419-473D-88C8-F42F4C3E7795}.32|x86.ActiveCfg = Debug|Any CPU
		{CA58091A-4419-473D-88C8-F42F4C3E7795}.Debug|Any CPU.ActiveCfg = Debug|Any CPU
		{CA58091A-4419-473D-88C8-F42F4C3E7795}.Debug|Any CPU.Build.0 = Debug|Any CPU
		{CA58091A-4419-473D-88C8-F42F4C3E7795}.Debug|Mixed Platforms.ActiveCfg = Debug|Any CPU
		{CA58091A-4419-473D-88C8-F42F4C3E7795}.Debug|Mixed Platforms.Build.0 = Debug|Any CPU
		{CA58091A-4419-473D-88C8-F42F4C3E7795}.Debug|x86.ActiveCfg = Debug|Any CPU
		{CA58091A-4419-473D-88C8-F42F4C3E7795}.Release|Any CPU.ActiveCfg = Debug|Any CPU
		{CA58091A-4419-473D-88C8-F42F4C3E7795}.Release|Any CPU.Build.0 = Debug|Any CPU
		{CA58091A-4419-473D-88C8-F42F4C3E7795}.Release|Mixed Platforms.ActiveCfg = Debug|Any CPU
		{CA58091A-4419-473D-88C8-F42F4C3E7795}.Release|Mixed Platforms.Build.0 = Debug|Any CPU
		{CA58091A-4419-473D-88C8-F42F4C3E7795}.Release|x86.ActiveCfg = Debug|Any CPU
		{3D8CE7AC-BCAB-45A8-A405-CEF1C1A78401}.32|Any CPU.ActiveCfg = Release|Any CPU
		{3D8CE7AC-BCAB-45A8-A405-CEF1C1A78401}.32|Any CPU.Build.0 = Release|Any CPU
		{3D8CE7AC-BCAB-45A8-A405-CEF1C1A78401}.32|Mixed Platforms.ActiveCfg = Release|Any CPU
		{3D8CE7AC-BCAB-45A8-A405-CEF1C1A78401}.32|Mixed Platforms.Build.0 = Release|Any CPU
		{3D8CE7AC-BCAB-45A8-A405-CEF1C1A78401}.32|x86.ActiveCfg = Release|Any CPU
		{3D8CE7AC-BCAB-45A8-A405-CEF1C1A78401}.Debug|Any CPU.ActiveCfg = Debug|Any CPU
		{3D8CE7AC-BCAB-45A8-A405-CEF1C1A78401}.Debug|Any CPU.Build.0 = Debug|Any CPU
		{3D8CE7AC-BCAB-45A8-A405-CEF1C1A78401}.Debug|Mixed Platforms.ActiveCfg = Debug|Any CPU
		{3D8CE7AC-BCAB-45A8-A405-CEF1C1A78401}.Debug|Mixed Platforms.Build.0 = Debug|Any CPU
		{3D8CE7AC-BCAB-45A8-A405-CEF1C1A78401}.Debug|x86.ActiveCfg = Debug|Any CPU
		{3D8CE7AC-BCAB-45A8-A405-CEF1C1A78401}.Release|Any CPU.ActiveCfg = Release|Any CPU
		{3D8CE7AC-BCAB-45A8-A405-CEF1C1A78401}.Release|Any CPU.Build.0 = Release|Any CPU
		{3D8CE7AC-BCAB-45A8-A405-CEF1C1A78401}.Release|Mixed Platforms.ActiveCfg = Release|Any CPU
		{3D8CE7AC-BCAB-45A8-A405-CEF1C1A78401}.Release|Mixed Platforms.Build.0 = Release|Any CPU
		{3D8CE7AC-BCAB-45A8-A405-CEF1C1A78401}.Release|x86.ActiveCfg = Release|Any CPU
		{54B2E70A-BB78-4FF1-B0C1-293FECD77600}.32|Any CPU.ActiveCfg = Release|Any CPU
		{54B2E70A-BB78-4FF1-B0C1-293FECD77600}.32|Any CPU.Build.0 = Release|Any CPU
		{54B2E70A-BB78-4FF1-B0C1-293FECD77600}.32|Mixed Platforms.ActiveCfg = Release|Any CPU
		{54B2E70A-BB78-4FF1-B0C1-293FECD77600}.32|Mixed Platforms.Build.0 = Release|Any CPU
		{54B2E70A-BB78-4FF1-B0C1-293FECD77600}.32|x86.ActiveCfg = Release|Any CPU
		{54B2E70A-BB78-4FF1-B0C1-293FECD77600}.Debug|Any CPU.ActiveCfg = Debug|Any CPU
		{54B2E70A-BB78-4FF1-B0C1-293FECD77600}.Debug|Any CPU.Build.0 = Debug|Any CPU
		{54B2E70A-BB78-4FF1-B0C1-293FECD77600}.Debug|Mixed Platforms.ActiveCfg = Debug|Any CPU
		{54B2E70A-BB78-4FF1-B0C1-293FECD77600}.Debug|Mixed Platforms.Build.0 = Debug|Any CPU
		{54B2E70A-BB78-4FF1-B0C1-293FECD77600}.Debug|x86.ActiveCfg = Debug|Any CPU
		{54B2E70A-BB78-4FF1-B0C1-293FECD77600}.Release|Any CPU.ActiveCfg = Release|Any CPU
		{54B2E70A-BB78-4FF1-B0C1-293FECD77600}.Release|Any CPU.Build.0 = Release|Any CPU
		{54B2E70A-BB78-4FF1-B0C1-293FECD77600}.Release|Mixed Platforms.ActiveCfg = Release|Any CPU
		{54B2E70A-BB78-4FF1-B0C1-293FECD77600}.Release|Mixed Platforms.Build.0 = Release|Any CPU
		{54B2E70A-BB78-4FF1-B0C1-293FECD77600}.Release|x86.ActiveCfg = Release|Any CPU
		{1AC28EC9-B72C-4920-BD88-80F5AFC946BD}.32|Any CPU.ActiveCfg = Release|Any CPU
		{1AC28EC9-B72C-4920-BD88-80F5AFC946BD}.32|Any CPU.Build.0 = Release|Any CPU
		{1AC28EC9-B72C-4920-BD88-80F5AFC946BD}.32|Mixed Platforms.ActiveCfg = Release|Any CPU
		{1AC28EC9-B72C-4920-BD88-80F5AFC946BD}.32|Mixed Platforms.Build.0 = Release|Any CPU
		{1AC28EC9-B72C-4920-BD88-80F5AFC946BD}.32|x86.ActiveCfg = Release|Any CPU
		{1AC28EC9-B72C-4920-BD88-80F5AFC946BD}.Debug|Any CPU.ActiveCfg = Debug|Any CPU
		{1AC28EC9-B72C-4920-BD88-80F5AFC946BD}.Debug|Any CPU.Build.0 = Debug|Any CPU
		{1AC28EC9-B72C-4920-BD88-80F5AFC946BD}.Debug|Mixed Platforms.ActiveCfg = Debug|Any CPU
		{1AC28EC9-B72C-4920-BD88-80F5AFC946BD}.Debug|Mixed Platforms.Build.0 = Debug|Any CPU
		{1AC28EC9-B72C-4920-BD88-80F5AFC946BD}.Debug|x86.ActiveCfg = Debug|Any CPU
		{1AC28EC9-B72C-4920-BD88-80F5AFC946BD}.Release|Any CPU.ActiveCfg = Release|Any CPU
		{1AC28EC9-B72C-4920-BD88-80F5AFC946BD}.Release|Any CPU.Build.0 = Release|Any CPU
		{1AC28EC9-B72C-4920-BD88-80F5AFC946BD}.Release|Mixed Platforms.ActiveCfg = Release|Any CPU
		{1AC28EC9-B72C-4920-BD88-80F5AFC946BD}.Release|Mixed Platforms.Build.0 = Release|Any CPU
		{1AC28EC9-B72C-4920-BD88-80F5AFC946BD}.Release|x86.ActiveCfg = Release|Any CPU
	EndGlobalSection
	GlobalSection(SolutionProperties) = preSolution
		HideSolutionNode = FALSE
	EndGlobalSection
	GlobalSection(NestedProjects) = preSolution
		{C02B1053-FBFC-4C46-AB6F-9CE4501E6FA7} = {D54CAEBD-BB2D-411B-AFCC-AB029C366BCF}
		{37390DAE-2248-4B7C-B39E-AE043644969F} = {DC3A6293-4B0B-4BD1-8076-AAD42A51C2E1}
		{9C11CAE5-5188-4E71-825B-68FC3135728A} = {D54CAEBD-BB2D-411B-AFCC-AB029C366BCF}
		{72D6DE37-CAB7-4879-8A58-E21FB92A6812} = {A00767DA-9B5C-44B0-90E4-263899D97D78}
		{CA58091A-4419-473D-88C8-F42F4C3E7795} = {D54CAEBD-BB2D-411B-AFCC-AB029C366BCF}
		{3D8CE7AC-BCAB-45A8-A405-CEF1C1A78401} = {DC3A6293-4B0B-4BD1-8076-AAD42A51C2E1}
		{1AC28EC9-B72C-4920-BD88-80F5AFC946BD} = {D54CAEBD-BB2D-411B-AFCC-AB029C366BCF}
	EndGlobalSection
EndGlobal
